Microsoft Visual Studio Solution File, Format Version 12.00
# Visual Studio 15
VisualStudioVersion = 15.0.28307.106
MinimumVisualStudioVersion = 10.0.40219.1
Project("{9A19103F-16F7-4668-BE54-9A1E7A4F7556}") = "Optix_PLC_2_MQTT_OptixPanel", "Optix_PLC_2_MQTT_OptixPanel.csproj", "{FAA96DB2-E528-6304-6DC9-26B0B7AF89D1}"
EndProject
Global
    GlobalSection(SolutionConfigurationPlatforms) = preSolution
        Debug|Any CPU = Debug|Any CPU
        Release|Any CPU = Release|Any CPU
    EndGlobalSection
    GlobalSection(ProjectConfigurationPlatforms) = postSolution
        {FAA96DB2-E528-6304-6DC9-26B0B7AF89D1}.Debug|Any CPU.ActiveCfg = Debug|Any CPU
        {FAA96DB2-E528-6304-6DC9-26B0B7AF89D1}.Debug|Any CPU.Build.0 = Debug|Any CPU
        {FAA96DB2-E528-6304-6DC9-26B0B7AF89D1}.Release|Any CPU.ActiveCfg = Release|Any CPU
        {FAA96DB2-E528-6304-6DC9-26B0B7AF89D1}.Release|Any CPU.Build.0 = Release|Any CPU
    EndGlobalSection
    GlobalSection(SolutionProperties) = preSolution
        HideSolutionNode = FALSE
    EndGlobalSection
EndGlobal
